
Microsoft Visual Studio Solution File, Format Version 12.00
Project("{FAE04EC0-301F-11D3-BF4B-00C04F79EFBC}") = "BlazorMovies", "BlazorMovies\BlazorMovies.csproj", "{F96CD30E-4BF6-407B-9F20-EBCAAA1630D9}"
EndProject
Global
	GlobalSection(SolutionConfigurationPlatforms) = preSolution
		Debug|Any CPU = Debug|Any CPU
		Release|Any CPU = Release|Any CPU
	EndGlobalSection
	GlobalSection(ProjectConfigurationPlatforms) = postSolution
		{F96CD30E-4BF6-407B-9F20-EBCAAA1630D9}.Debug|Any CPU.ActiveCfg = Debug|Any CPU
		{F96CD30E-4BF6-407B-9F20-EBCAAA1630D9}.Debug|Any CPU.Build.0 = Debug|Any CPU
		{F96CD30E-4BF6-407B-9F20-EBCAAA1630D9}.Release|Any CPU.ActiveCfg = Release|Any CPU
		{F96CD30E-4BF6-407B-9F20-EBCAAA1630D9}.Release|Any CPU.Build.0 = Release|Any CPU
	EndGlobalSection
EndGlobal
